# This file is automatically @generated by Cargo.
# It is not intended for manual editing.
version = 3

[[package]]
name = "alloc-no-stdlib"
version = "2.0.4"
source = "registry+https://github.com/rust-lang/crates.io-index"
checksum = "cc7bb162ec39d46ab1ca8c77bf72e890535becd1751bb45f64c597edb4c8c6b3"

[[package]]
name = "alloc-stdlib"
version = "0.2.2"
source = "registry+https://github.com/rust-lang/crates.io-index"
checksum = "94fb8275041c72129eb51b7d0322c29b8387a0386127718b096429201a5d6ece"
dependencies = [
 "alloc-no-stdlib",
]

[[package]]
name = "android_system_properties"
version = "0.1.5"
source = "registry+https://github.com/rust-lang/crates.io-index"
checksum = "819e7219dbd41043ac279b19830f2efc897156490d7fd6ea916720117ee66311"
dependencies = [
 "libc",
]

[[package]]
name = "argon2"
version = "0.4.1"
source = "registry+https://github.com/rust-lang/crates.io-index"
checksum = "db4ce4441f99dbd377ca8a8f57b698c44d0d6e712d8329b5040da5a64aa1ce73"
dependencies = [
 "base64ct",
 "blake2",
 "password-hash",
]

[[package]]
name = "argparse"
version = "0.2.2"
source = "registry+https://github.com/rust-lang/crates.io-index"
checksum = "3f8ebf5827e4ac4fd5946560e6a99776ea73b596d80898f357007317a7141e47"

[[package]]
name = "arrayref"
version = "0.3.6"
source = "registry+https://github.com/rust-lang/crates.io-index"
checksum = "a4c527152e37cf757a3f78aae5a06fbeefdb07ccc535c980a3208ee3060dd544"

[[package]]
name = "arrayvec"
version = "0.7.2"
source = "registry+https://github.com/rust-lang/crates.io-index"
checksum = "8da52d66c7071e2e3fa2a1e5c6d088fec47b593032b254f5e980de8ea54454d6"

[[package]]
name = "autocfg"
version = "1.1.0"
source = "registry+https://github.com/rust-lang/crates.io-index"
checksum = "d468802bab17cbc0cc575e9b053f41e72aa36bfa6b7f55e3529ffa43161b97fa"

[[package]]
name = "base64ct"
version = "1.5.3"
source = "registry+https://github.com/rust-lang/crates.io-index"
checksum = "b645a089122eccb6111b4f81cbc1a49f5900ac4666bb93ac027feaecf15607bf"

[[package]]
name = "bech32"
version = "0.9.1"
source = "registry+https://github.com/rust-lang/crates.io-index"
checksum = "d86b93f97252c47b41663388e6d155714a9d0c398b99f1005cbc5f978b29f445"

[[package]]
name = "blake2"
version = "0.10.6"
source = "registry+https://github.com/rust-lang/crates.io-index"
checksum = "46502ad458c9a52b69d4d4d32775c788b7a1b85e8bc9d482d92250fc0e3f8efe"
dependencies = [
 "digest 0.10.6",
]

[[package]]
name = "blake3"
version = "1.3.3"
source = "registry+https://github.com/rust-lang/crates.io-index"
checksum = "42ae2468a89544a466886840aa467a25b766499f4f04bf7d9fcd10ecee9fccef"
dependencies = [
 "arrayref",
 "arrayvec",
 "cc",
 "cfg-if",
 "constant_time_eq",
 "digest 0.10.6",
]

[[package]]
name = "block-buffer"
version = "0.10.3"
source = "registry+https://github.com/rust-lang/crates.io-index"
checksum = "69cce20737498f97b993470a6e536b8523f0af7892a4f928cceb1ac5e52ebe7e"
dependencies = [
 "generic-array",
]

[[package]]
name = "block-padding"
version = "0.3.2"
source = "registry+https://github.com/rust-lang/crates.io-index"
checksum = "0a90ec2df9600c28a01c56c4784c9207a96d2451833aeceb8cc97e4c9548bb78"
dependencies = [
 "generic-array",
]

[[package]]
name = "brotli"
version = "3.3.4"
source = "registry+https://github.com/rust-lang/crates.io-index"
checksum = "a1a0b1dbcc8ae29329621f8d4f0d835787c1c38bb1401979b49d13b0b305ff68"
dependencies = [
 "alloc-no-stdlib",
 "alloc-stdlib",
 "brotli-decompressor",
]

[[package]]
name = "brotli-decompressor"
version = "2.3.4"
source = "registry+https://github.com/rust-lang/crates.io-index"
checksum = "4b6561fd3f895a11e8f72af2cb7d22e08366bebc2b6b57f7744c4bda27034744"
dependencies = [
 "alloc-no-stdlib",
 "alloc-stdlib",
]

[[package]]
name = "bs58"
version = "0.4.0"
source = "registry+https://github.com/rust-lang/crates.io-index"
checksum = "771fe0050b883fcc3ea2359b1a96bcfbc090b7116eae7c3c512c7a083fdf23d3"

[[package]]
name = "bumpalo"
version = "3.12.0"
source = "registry+https://github.com/rust-lang/crates.io-index"
checksum = "0d261e256854913907f67ed06efbc3338dfe6179796deefc1ff763fc1aee5535"

[[package]]
name = "byteorder"
version = "1.4.3"
source = "registry+https://github.com/rust-lang/crates.io-index"
checksum = "14c189c53d098945499cdfa7ecc63567cf3886b3332b312a5b4585d8d3a6a610"

[[package]]
name = "cc"
version = "1.0.79"
source = "registry+https://github.com/rust-lang/crates.io-index"
checksum = "50d30906286121d95be3d479533b458f87493b30a4b5f79a607db8f5d11aa91f"

[[package]]
name = "cfg-if"
version = "1.0.0"
source = "registry+https://github.com/rust-lang/crates.io-index"
checksum = "baf1de4339761588bc0619e3cbc0120ee582ebb74b53b4efbf79117bd2da40fd"

[[package]]
name = "chacha20"
version = "0.9.0"
source = "registry+https://github.com/rust-lang/crates.io-index"
checksum = "c7fc89c7c5b9e7a02dfe45cd2367bae382f9ed31c61ca8debe5f827c420a2f08"
dependencies = [
 "cfg-if",
 "cipher",
 "cpufeatures",
]

[[package]]
name = "checked_int_cast"
version = "1.0.0"
source = "registry+https://github.com/rust-lang/crates.io-index"
checksum = "17cc5e6b5ab06331c33589842070416baa137e8b0eb912b008cfd4a78ada7919"

[[package]]
name = "chrono"
version = "0.4.23"
source = "registry+https://github.com/rust-lang/crates.io-index"
checksum = "16b0a3d9ed01224b22057780a37bb8c5dbfe1be8ba48678e7bf57ec4b385411f"
dependencies = [
 "iana-time-zone",
 "num-integer",
 "num-traits",
 "winapi",
]

[[package]]
name = "cipher"
version = "0.4.3"
source = "registry+https://github.com/rust-lang/crates.io-index"
checksum = "d1873270f8f7942c191139cb8a40fd228da6c3fd2fc376d7e92d47aa14aeb59e"
dependencies = [
 "crypto-common",
 "inout",
]

[[package]]
name = "codespan-reporting"
version = "0.11.1"
source = "registry+https://github.com/rust-lang/crates.io-index"
checksum = "3538270d33cc669650c4b093848450d380def10c331d38c768e34cac80576e6e"
dependencies = [
 "termcolor",
 "unicode-width",
]

[[package]]
name = "const_format"
version = "0.2.30"
source = "registry+https://github.com/rust-lang/crates.io-index"
checksum = "7309d9b4d3d2c0641e018d449232f2e28f1b22933c137f157d3dbc14228b8c0e"
dependencies = [
 "const_format_proc_macros",
]

[[package]]
name = "const_format_proc_macros"
version = "0.2.29"
source = "registry+https://github.com/rust-lang/crates.io-index"
checksum = "d897f47bf7270cf70d370f8f98c1abb6d2d4cf60a6845d30e05bfb90c6568650"
dependencies = [
 "proc-macro2",
 "quote",
 "unicode-xid",
]

[[package]]
name = "constant_time_eq"
version = "0.2.4"
source = "registry+https://github.com/rust-lang/crates.io-index"
checksum = "f3ad85c1f65dc7b37604eb0e89748faf0b9653065f2a8ef69f96a687ec1e9279"

[[package]]
name = "core-foundation-sys"
version = "0.8.3"
source = "registry+https://github.com/rust-lang/crates.io-index"
checksum = "5827cebf4670468b8772dd191856768aedcb1b0278a04f989f7766351917b9dc"

[[package]]
name = "cpufeatures"
version = "0.2.5"
source = "registry+https://github.com/rust-lang/crates.io-index"
checksum = "28d997bd5e24a5928dd43e46dc529867e207907fe0b239c3477d924f7f2ca320"
dependencies = [
 "libc",
]

[[package]]
name = "crc-any"
version = "2.4.3"
source = "registry+https://github.com/rust-lang/crates.io-index"
checksum = "774646b687f63643eb0f4bf13dc263cb581c8c9e57973b6ddf78bda3994d88df"

[[package]]
name = "crypto-common"
version = "0.1.6"
source = "registry+https://github.com/rust-lang/crates.io-index"
checksum = "1bfb12502f3fc46cca1bb51ac28df9d618d813cdc3d2f25b9fe775a34af26bb3"
dependencies = [
 "generic-array",
 "typenum",
]

[[package]]
name = "curve25519-dalek"
version = "3.2.1"
source = "registry+https://github.com/rust-lang/crates.io-index"
checksum = "90f9d052967f590a76e62eb387bd0bbb1b000182c3cefe5364db6b7211651bc0"
dependencies = [
 "byteorder",
 "digest 0.9.0",
 "rand_core 0.5.1",
 "subtle",
 "zeroize",
]

[[package]]
name = "cxx"
version = "1.0.88"
source = "registry+https://github.com/rust-lang/crates.io-index"
checksum = "322296e2f2e5af4270b54df9e85a02ff037e271af20ba3e7fe1575515dc840b8"
dependencies = [
 "cc",
 "cxxbridge-flags",
 "cxxbridge-macro",
 "link-cplusplus",
]

[[package]]
name = "cxx-build"
version = "1.0.88"
source = "registry+https://github.com/rust-lang/crates.io-index"
checksum = "017a1385b05d631e7875b1f151c9f012d37b53491e2a87f65bff5c262b2111d8"
dependencies = [
 "cc",
 "codespan-reporting",
 "once_cell",
 "proc-macro2",
 "quote",
 "scratch",
 "syn",
]

[[package]]
name = "cxxbridge-flags"
version = "1.0.88"
source = "registry+https://github.com/rust-lang/crates.io-index"
checksum = "c26bbb078acf09bc1ecda02d4223f03bdd28bd4874edcb0379138efc499ce971"

[[package]]
name = "cxxbridge-macro"
version = "1.0.88"
source = "registry+https://github.com/rust-lang/crates.io-index"
checksum = "357f40d1f06a24b60ae1fe122542c1fb05d28d32acb2aed064e84bc2ad1e252e"
dependencies = [
 "proc-macro2",
 "quote",
 "syn",
]

[[package]]
name = "data-encoding"
version = "2.3.3"
source = "registry+https://github.com/rust-lang/crates.io-index"
checksum = "23d8666cb01533c39dde32bcbab8e227b4ed6679b2c925eba05feabea39508fb"

[[package]]
name = "digest"
version = "0.9.0"
source = "registry+https://github.com/rust-lang/crates.io-index"
checksum = "d3dd60d1080a57a05ab032377049e0591415d2b31afd7028356dbf3cc6dcb066"
dependencies = [
 "generic-array",
]

[[package]]
name = "digest"
version = "0.10.6"
source = "registry+https://github.com/rust-lang/crates.io-index"
checksum = "8168378f4e5023e7218c89c891c0fd8ecdb5e5e4f18cb78f38cf245dd021e76f"
dependencies = [
 "block-buffer",
 "crypto-common",
 "subtle",
]

[[package]]
name = "generic-array"
version = "0.14.6"
source = "registry+https://github.com/rust-lang/crates.io-index"
checksum = "bff49e947297f3312447abdca79f45f4738097cc82b06e72054d2223f601f1b9"
dependencies = [
 "typenum",
 "version_check",
]

[[package]]
name = "getrandom"
version = "0.1.16"
source = "registry+https://github.com/rust-lang/crates.io-index"
checksum = "8fc3cb4d91f53b50155bdcfd23f6a4c39ae1969c2ae85982b135750cccaf5fce"
dependencies = [
 "cfg-if",
 "libc",
 "wasi 0.9.0+wasi-snapshot-preview1",
]

[[package]]
name = "getrandom"
version = "0.2.8"
source = "registry+https://github.com/rust-lang/crates.io-index"
checksum = "c05aeb6a22b8f62540c194aac980f2115af067bfe15a0734d7277a768d396b31"
dependencies = [
 "cfg-if",
 "libc",
 "wasi 0.11.0+wasi-snapshot-preview1",
]

[[package]]
name = "iana-time-zone"
version = "0.1.53"
source = "registry+https://github.com/rust-lang/crates.io-index"
checksum = "64c122667b287044802d6ce17ee2ddf13207ed924c712de9a66a5814d5b64765"
dependencies = [
 "android_system_properties",
 "core-foundation-sys",
 "iana-time-zone-haiku",
 "js-sys",
 "wasm-bindgen",
 "winapi",
]

[[package]]
name = "iana-time-zone-haiku"
version = "0.1.1"
source = "registry+https://github.com/rust-lang/crates.io-index"
checksum = "0703ae284fc167426161c2e3f1da3ea71d94b21bedbcc9494e92b28e334e3dca"
dependencies = [
 "cxx",
 "cxx-build",
]

[[package]]
name = "inout"
version = "0.1.3"
source = "registry+https://github.com/rust-lang/crates.io-index"
checksum = "a0c10553d664a4d0bcff9f4215d0aac67a639cc68ef660840afe309b807bc9f5"
dependencies = [
 "block-padding",
 "generic-array",
]

[[package]]
name = "js-sys"
version = "0.3.60"
source = "registry+https://github.com/rust-lang/crates.io-index"
checksum = "49409df3e3bf0856b916e2ceaca09ee28e6871cf7d9ce97a692cacfdb2a25a47"
dependencies = [
 "wasm-bindgen",
]

[[package]]
name = "keccak"
version = "0.1.3"
source = "registry+https://github.com/rust-lang/crates.io-index"
checksum = "3afef3b6eff9ce9d8ff9b3601125eec7f0c8cbac7abd14f355d053fa56c98768"
dependencies = [
 "cpufeatures",
]

[[package]]
name = "lazy_static"
version = "1.4.0"
source = "registry+https://github.com/rust-lang/crates.io-index"
checksum = "e2abad23fbc42b3700f2f279844dc832adb2b2eb069b2df918f455c4e18cc646"

[[package]]
name = "libc"
version = "0.2.139"
source = "registry+https://github.com/rust-lang/crates.io-index"
checksum = "201de327520df007757c1f0adce6e827fe8562fbc28bfd9c15571c66ca1f5f79"

[[package]]
name = "link-cplusplus"
version = "1.0.8"
source = "registry+https://github.com/rust-lang/crates.io-index"
checksum = "ecd207c9c713c34f95a097a5b029ac2ce6010530c7b49d7fea24d977dede04f5"
dependencies = [
 "cc",
]

[[package]]
name = "log"
version = "0.4.17"
source = "registry+https://github.com/rust-lang/crates.io-index"
checksum = "abb12e687cfb44aa40f41fc3978ef76448f9b6038cad6aef4259d3c095a2382e"
dependencies = [
 "cfg-if",
]

[[package]]
name = "md-5"
version = "0.10.5"
source = "registry+https://github.com/rust-lang/crates.io-index"
checksum = "6365506850d44bff6e2fbcb5176cf63650e48bd45ef2fe2665ae1570e0f4b9ca"
dependencies = [
 "digest 0.10.6",
]

[[package]]
name = "memsec"
version = "0.6.2"
source = "registry+https://github.com/rust-lang/crates.io-index"
checksum = "9ac78937f19a0c7807e45a931eac41f766f210173ec664ec046d58e6d388a5cb"
dependencies = [
 "getrandom 0.2.8",
 "libc",
 "windows-sys",
]

[[package]]
name = "mnemonic"
version = "1.0.1"
source = "registry+https://github.com/rust-lang/crates.io-index"
checksum = "29fae0e4c0b155d3b019a7cbc27abe4a90e15c06814d27889ce9f5f44e2faf77"
dependencies = [
 "byteorder",
 "lazy_static",
]

[[package]]
name = "num-bigint"
version = "0.4.3"
source = "registry+https://github.com/rust-lang/crates.io-index"
checksum = "f93ab6289c7b344a8a9f60f88d80aa20032336fe78da341afc91c8a2341fc75f"
dependencies = [
 "autocfg",
 "num-integer",
 "num-traits",
]

[[package]]
name = "num-integer"
version = "0.1.45"
source = "registry+https://github.com/rust-lang/crates.io-index"
checksum = "225d3389fb3509a24c93f5c29eb6bde2586b98d9f016636dff58d7c6f7569cd9"
dependencies = [
 "autocfg",
 "num-traits",
]

[[package]]
name = "num-traits"
version = "0.2.15"
source = "registry+https://github.com/rust-lang/crates.io-index"
checksum = "578ede34cf02f8924ab9447f50c28075b4d3e5b269972345e7e0372b38c6cdcd"
dependencies = [
 "autocfg",
]

[[package]]
name = "once_cell"
version = "1.17.0"
source = "registry+https://github.com/rust-lang/crates.io-index"
checksum = "6f61fba1741ea2b3d6a1e3178721804bb716a68a6aeba1149b5d52e3d464ea66"

[[package]]
name = "password-hash"
version = "0.4.2"
source = "registry+https://github.com/rust-lang/crates.io-index"
checksum = "7676374caaee8a325c9e7a2ae557f216c5563a171d6997b0ef8a65af35147700"
dependencies = [
 "base64ct",
 "rand_core 0.6.4",
 "subtle",
]

[[package]]
name = "paste"
version = "1.0.11"
source = "registry+https://github.com/rust-lang/crates.io-index"
checksum = "d01a5bd0424d00070b0098dd17ebca6f961a959dead1dbcbbbc1d1cd8d3deeba"

[[package]]
name = "platform-info"
version = "1.0.2"
source = "registry+https://github.com/rust-lang/crates.io-index"
checksum = "4e7c23cfae725ae06d9e43010153fa77bdfa8c827bf08fe4beeb2a3514e6be12"
dependencies = [
 "libc",
 "winapi",
]

[[package]]
name = "ppv-lite86"
version = "0.2.17"
source = "registry+https://github.com/rust-lang/crates.io-index"
checksum = "5b40af805b3121feab8a3c29f04d8ad262fa8e0561883e7653e024ae4479e6de"

[[package]]
name = "proc-macro2"
version = "1.0.50"
source = "registry+https://github.com/rust-lang/crates.io-index"
checksum = "6ef7d57beacfaf2d8aee5937dab7b7f28de3cb8b1828479bb5de2a7106f2bae2"
dependencies = [
 "unicode-ident",
]

[[package]]
name = "qrcode"
version = "0.12.0"
source = "registry+https://github.com/rust-lang/crates.io-index"
checksum = "16d2f1455f3630c6e5107b4f2b94e74d76dea80736de0981fd27644216cff57f"
dependencies = [
 "checked_int_cast",
]

[[package]]
name = "quote"
version = "1.0.23"
source = "registry+https://github.com/rust-lang/crates.io-index"
checksum = "8856d8364d252a14d474036ea1358d63c9e6965c8e5c1885c18f73d70bff9c7b"
dependencies = [
 "proc-macro2",
]

[[package]]
name = "rand"
version = "0.8.5"
source = "registry+https://github.com/rust-lang/crates.io-index"
checksum = "34af8d1a0e25924bc5b7c43c079c942339d8f0a8b57c39049bef581b46327404"
dependencies = [
 "libc",
 "rand_chacha",
 "rand_core 0.6.4",
]

[[package]]
name = "rand_chacha"
version = "0.3.1"
source = "registry+https://github.com/rust-lang/crates.io-index"
checksum = "e6c10a63a0fa32252be49d21e7709d4d4baf8d231c2dbce1eaa8141b9b127d88"
dependencies = [
 "ppv-lite86",
 "rand_core 0.6.4",
]

[[package]]
name = "rand_core"
version = "0.5.1"
source = "registry+https://github.com/rust-lang/crates.io-index"
checksum = "90bde5296fc891b0cef12a6d03ddccc162ce7b2aff54160af9338f8d40df6d19"
dependencies = [
 "getrandom 0.1.16",
]

[[package]]
name = "rand_core"
version = "0.6.4"
source = "registry+https://github.com/rust-lang/crates.io-index"
checksum = "ec0be4795e2f6a28069bec0b5ff3e2ac9bafc99e6a9a7dc3547996c5c816922c"
dependencies = [
 "getrandom 0.2.8",
]

[[package]]
name = "scratch"
version = "1.0.3"
source = "registry+https://github.com/rust-lang/crates.io-index"
checksum = "ddccb15bcce173023b3fedd9436f882a0739b8dfb45e4f6b6002bee5929f61b2"

[[package]]
name = "sha1"
version = "0.10.5"
source = "registry+https://github.com/rust-lang/crates.io-index"
checksum = "f04293dc80c3993519f2d7f6f511707ee7094fe0c6d3406feb330cdb3540eba3"
dependencies = [
 "cfg-if",
 "cpufeatures",
 "digest 0.10.6",
]

[[package]]
name = "sha2"
version = "0.10.6"
source = "registry+https://github.com/rust-lang/crates.io-index"
checksum = "82e6b795fe2e3b1e845bafcb27aa35405c4d47cdfc92af5fc8d3002f76cebdc0"
dependencies = [
 "cfg-if",
 "cpufeatures",
 "digest 0.10.6",
]

[[package]]
name = "sha3"
version = "0.10.6"
source = "registry+https://github.com/rust-lang/crates.io-index"
checksum = "bdf0c33fae925bdc080598b84bc15c55e7b9a4a43b3c704da051f977469691c9"
dependencies = [
 "digest 0.10.6",
 "keccak",
]

[[package]]
name = "subtle"
version = "2.4.1"
source = "registry+https://github.com/rust-lang/crates.io-index"
checksum = "6bdef32e8150c2a081110b42772ffe7d7c9032b606bc226c8260fd97e0976601"

[[package]]
name = "syn"
version = "1.0.107"
source = "registry+https://github.com/rust-lang/crates.io-index"
checksum = "1f4064b5b16e03ae50984a5a8ed5d4f8803e6bc1fd170a3cda91a1be4b18e3f5"
dependencies = [
 "proc-macro2",
 "quote",
 "unicode-ident",
]

[[package]]
name = "synstructure"
version = "0.12.6"
source = "registry+https://github.com/rust-lang/crates.io-index"
checksum = "f36bdaa60a83aca3921b5259d5400cbf5e90fc51931376a9bd4a0eb79aa7210f"
dependencies = [
 "proc-macro2",
 "quote",
 "syn",
 "unicode-xid",
]

[[package]]
name = "termcolor"
version = "1.2.0"
source = "registry+https://github.com/rust-lang/crates.io-index"
checksum = "be55cf8942feac5c765c2c993422806843c9a9a45d4d5c407ad6dd2ea95eb9b6"
dependencies = [
 "winapi-util",
]

[[package]]
name = "typenum"
version = "1.16.0"
source = "registry+https://github.com/rust-lang/crates.io-index"
checksum = "497961ef93d974e23eb6f433eb5fe1b7930b659f06d12dec6fc44a8f554c0bba"

[[package]]
name = "unicode-ident"
version = "1.0.6"
source = "registry+https://github.com/rust-lang/crates.io-index"
checksum = "84a22b9f218b40614adcb3f4ff08b703773ad44fa9423e4e0d346d5db86e4ebc"

[[package]]
name = "unicode-width"
version = "0.1.10"
source = "registry+https://github.com/rust-lang/crates.io-index"
checksum = "c0edd1e5b14653f783770bce4a4dabb4a5108a5370a5f5d8cfe8710c361f6c8b"

[[package]]
name = "unicode-xid"
version = "0.2.4"
source = "registry+https://github.com/rust-lang/crates.io-index"
checksum = "f962df74c8c05a667b5ee8bcf162993134c104e96440b663c8daa176dc772d8c"

[[package]]
name = "version_check"
version = "0.9.4"
source = "registry+https://github.com/rust-lang/crates.io-index"
checksum = "49874b5167b65d7193b8aba1567f5c7d93d001cafc34600cee003eda787e483f"

[[package]]
name = "vrl-errors"
version = "0.1.0"
source = "git+https://github.com/volution/volution-rust-libraries?branch=development#986d5ca711ef747697f55c98b1352ac047739899"
dependencies = [
 "vrl-preludes",
]

[[package]]
name = "vrl-preludes"
version = "0.1.0"
source = "git+https://github.com/volution/volution-rust-libraries?branch=development#986d5ca711ef747697f55c98b1352ac047739899"

[[package]]
name = "vrl-random"
version = "0.1.0"
source = "git+https://github.com/volution/volution-rust-libraries?branch=development#986d5ca711ef747697f55c98b1352ac047739899"
dependencies = [
 "paste",
 "rand",
 "vrl-preludes",
]

[[package]]
name = "wasi"
version = "0.9.0+wasi-snapshot-preview1"
source = "registry+https://github.com/rust-lang/crates.io-index"
checksum = "cccddf32554fecc6acb585f82a32a72e28b48f8c4c1883ddfeeeaa96f7d8e519"

[[package]]
name = "wasi"
version = "0.11.0+wasi-snapshot-preview1"
source = "registry+https://github.com/rust-lang/crates.io-index"
checksum = "9c8d87e72b64a3b4db28d11ce29237c246188f4f51057d65a7eab63b7987e423"

[[package]]
name = "wasm-bindgen"
version = "0.2.83"
source = "registry+https://github.com/rust-lang/crates.io-index"
checksum = "eaf9f5aceeec8be17c128b2e93e031fb8a4d469bb9c4ae2d7dc1888b26887268"
dependencies = [
 "cfg-if",
 "wasm-bindgen-macro",
]

[[package]]
name = "wasm-bindgen-backend"
version = "0.2.83"
source = "registry+https://github.com/rust-lang/crates.io-index"
checksum = "4c8ffb332579b0557b52d268b91feab8df3615f265d5270fec2a8c95b17c1142"
dependencies = [
 "bumpalo",
 "log",
 "once_cell",
 "proc-macro2",
 "quote",
 "syn",
 "wasm-bindgen-shared",
]

[[package]]
name = "wasm-bindgen-macro"
version = "0.2.83"
source = "registry+https://github.com/rust-lang/crates.io-index"
checksum = "052be0f94026e6cbc75cdefc9bae13fd6052cdcaf532fa6c45e7ae33a1e6c810"
dependencies = [
 "quote",
 "wasm-bindgen-macro-support",
]

[[package]]
name = "wasm-bindgen-macro-support"
version = "0.2.83"
source = "registry+https://github.com/rust-lang/crates.io-index"
checksum = "07bc0c051dc5f23e307b13285f9d75df86bfdf816c5721e573dec1f9b8aa193c"
dependencies = [
 "proc-macro2",
 "quote",
 "syn",
 "wasm-bindgen-backend",
 "wasm-bindgen-shared",
]

[[package]]
name = "wasm-bindgen-shared"
version = "0.2.83"
source = "registry+https://github.com/rust-lang/crates.io-index"
checksum = "1c38c045535d93ec4f0b4defec448e4291638ee608530863b1e2ba115d4fff7f"

[[package]]
name = "winapi"
version = "0.3.9"
source = "registry+https://github.com/rust-lang/crates.io-index"
checksum = "5c839a674fcd7a98952e593242ea400abe93992746761e38641405d28b00f419"
dependencies = [
 "winapi-i686-pc-windows-gnu",
 "winapi-x86_64-pc-windows-gnu",
]

[[package]]
name = "winapi-i686-pc-windows-gnu"
version = "0.4.0"
source = "registry+https://github.com/rust-lang/crates.io-index"
checksum = "ac3b87c63620426dd9b991e5ce0329eff545bccbbb34f3be09ff6fb6ab51b7b6"

[[package]]
name = "winapi-util"
version = "0.1.5"
source = "registry+https://github.com/rust-lang/crates.io-index"
checksum = "70ec6ce85bb158151cae5e5c87f95a8e97d2c0c4b001223f33a334e3ce5de178"
dependencies = [
 "winapi",
]

[[package]]
name = "winapi-x86_64-pc-windows-gnu"
version = "0.4.0"
source = "registry+https://github.com/rust-lang/crates.io-index"
checksum = "712e227841d057c1ee1cd2fb22fa7e5a5461ae8e48fa2ca79ec42cfc1931183f"

[[package]]
name = "windows-sys"
version = "0.36.1"
source = "registry+https://github.com/rust-lang/crates.io-index"
checksum = "ea04155a16a59f9eab786fe12a4a450e75cdb175f9e0d80da1e17db09f55b8d2"
dependencies = [
 "windows_aarch64_msvc",
 "windows_i686_gnu",
 "windows_i686_msvc",
 "windows_x86_64_gnu",
 "windows_x86_64_msvc",
]

[[package]]
name = "windows_aarch64_msvc"
version = "0.36.1"
source = "registry+https://github.com/rust-lang/crates.io-index"
checksum = "9bb8c3fd39ade2d67e9874ac4f3db21f0d710bee00fe7cab16949ec184eeaa47"

[[package]]
name = "windows_i686_gnu"
version = "0.36.1"
source = "registry+https://github.com/rust-lang/crates.io-index"
checksum = "180e6ccf01daf4c426b846dfc66db1fc518f074baa793aa7d9b9aaeffad6a3b6"

[[package]]
name = "windows_i686_msvc"
version = "0.36.1"
source = "registry+https://github.com/rust-lang/crates.io-index"
checksum = "e2e7917148b2812d1eeafaeb22a97e4813dfa60a3f8f78ebe204bcc88f12f024"

[[package]]
name = "windows_x86_64_gnu"
version = "0.36.1"
source = "registry+https://github.com/rust-lang/crates.io-index"
checksum = "4dcd171b8776c41b97521e5da127a2d86ad280114807d0b2ab1e462bc764d9e1"

[[package]]
name = "windows_x86_64_msvc"
version = "0.36.1"
source = "registry+https://github.com/rust-lang/crates.io-index"
checksum = "c811ca4a8c853ef420abd8592ba53ddbbac90410fab6903b3e79972a631f7680"

[[package]]
name = "x25519-dalek"
version = "1.2.0"
source = "registry+https://github.com/rust-lang/crates.io-index"
checksum = "2392b6b94a576b4e2bf3c5b2757d63f10ada8020a2e4d08ac849ebcf6ea8e077"
dependencies = [
 "curve25519-dalek",
 "rand_core 0.5.1",
 "zeroize",
]

[[package]]
name = "z-tokens"
version = "0.1.0"
dependencies = [
 "z-tokens-tools",
]

[[package]]
name = "z-tokens-encodings-tool"
version = "0.1.0"
dependencies = [
 "bech32",
 "bs58",
 "data-encoding",
 "mnemonic",
 "qrcode",
 "vrl-errors",
 "vrl-preludes",
 "z-tokens-runtime",
 "z85",
]

[[package]]
name = "z-tokens-exchange-tool"
version = "0.1.0"
dependencies = [
 "argon2",
 "bech32",
 "blake3",
 "brotli",
 "bs58",
 "byteorder",
 "chacha20",
 "constant_time_eq",
 "crc-any",
 "rand",
 "vrl-errors",
 "vrl-preludes",
 "x25519-dalek",
 "z-tokens-runtime",
]

[[package]]
name = "z-tokens-hashes-tool"
version = "0.1.0"
dependencies = [
 "argon2",
 "blake2",
 "blake3",
 "digest 0.10.6",
 "md-5",
 "sha1",
 "sha2",
 "sha3",
 "vrl-errors",
 "vrl-preludes",
 "z-tokens-runtime",
]

[[package]]
name = "z-tokens-patterns"
version = "0.1.0"
dependencies = [
 "chrono",
 "const_format",
 "num-bigint",
 "num-traits",
 "paste",
 "rand",
 "vrl-errors",
 "vrl-preludes",
 "vrl-random",
 "z-tokens-runtime",
]

[[package]]
name = "z-tokens-patterns-tool"
version = "0.1.0"
dependencies = [
 "vrl-errors",
 "vrl-preludes",
 "z-tokens-patterns",
 "z-tokens-runtime",
]

[[package]]
name = "z-tokens-runtime"
version = "0.1.0"
dependencies = [
 "argparse",
 "memsec",
 "vrl-errors",
 "vrl-preludes",
 "zeroize",
]

[[package]]
name = "z-tokens-secrets-tool"
version = "0.1.0"
dependencies = [
 "vrl-errors",
 "vrl-preludes",
 "x25519-dalek",
 "z-tokens-runtime",
]

[[package]]
name = "z-tokens-tools"
version = "0.1.0"
dependencies = [
 "platform-info",
 "vrl-errors",
 "vrl-preludes",
 "z-tokens-encodings-tool",
 "z-tokens-exchange-tool",
 "z-tokens-hashes-tool",
 "z-tokens-patterns-tool",
 "z-tokens-runtime",
 "z-tokens-secrets-tool",
]

[[package]]
name = "z85"
version = "3.0.5"
source = "registry+https://github.com/rust-lang/crates.io-index"
checksum = "2a599daf1b507819c1121f0bf87fa37eb19daac6aff3aefefd4e6e2e0f2020fc"

[[package]]
name = "zeroize"
version = "1.3.0"
source = "registry+https://github.com/rust-lang/crates.io-index"
checksum = "4756f7db3f7b5574938c3eb1c117038b8e07f95ee6718c0efad4ac21508f1efd"
dependencies = [
 "zeroize_derive",
]

[[package]]
name = "zeroize_derive"
version = "1.3.3"
source = "registry+https://github.com/rust-lang/crates.io-index"
checksum = "44bf07cb3e50ea2003396695d58bf46bc9887a1f362260446fad6bc4e79bd36c"
dependencies = [
 "proc-macro2",
 "quote",
 "syn",
 "synstructure",
]
